
Microsoft Visual Studio Solution File, Format Version 12.00
# Visual Studio Version 17
VisualStudioVersion = 17.4.33213.308
MinimumVisualStudioVersion = 10.0.40219.1
Project("{FAE04EC0-301F-11D3-BF4B-00C04F79EFBC}") = "Pract_market", "Pract_market\Pract_market.csproj", "{D1F8FE74-69B2-4841-B9F3-9133ACFBF487}"
EndProject
Global
	GlobalSection(SolutionConfigurationPlatforms) = preSolution
		Debug|Any CPU = Debug|Any CPU
		Release|Any CPU = Release|Any CPU
	EndGlobalSection
	GlobalSection(ProjectConfigurationPlatforms) = postSolution
		{D1F8FE74-69B2-4841-B9F3-9133ACFBF487}.Debug|Any CPU.ActiveCfg = Debug|Any CPU
		{D1F8FE74-69B2-4841-B9F3-9133ACFBF487}.Debug|Any CPU.Build.0 = Debug|Any CPU
		{D1F8FE74-69B2-4841-B9F3-9133ACFBF487}.Release|Any CPU.ActiveCfg = Release|Any CPU
		{D1F8FE74-69B2-4841-B9F3-9133ACFBF487}.Release|Any CPU.Build.0 = Release|Any CPU
	EndGlobalSection
	GlobalSection(SolutionProperties) = preSolution
		HideSolutionNode = FALSE
	EndGlobalSection
	GlobalSection(ExtensibilityGlobals) = postSolution
		SolutionGuid = {B467DAFA-6254-4F8A-B6C1-AF4A5E9E0D7D}
	EndGlobalSection
EndGlobal
